// !$*UTF8*$!
{
	archiveVersion = 1;
	classes = {
	};
	objectVersion = 77;
	objects = {

/* Begin PBXBuildFile section */
		083E32155EE40E59C2FD8C2 /* AdvancedUIComponents.swift in Sources */ = {isa = PBXBuildFile; fileRef = 8083E32155EE40E59C2FD8C2 /* AdvancedUIComponents.swift */; };
		163DC2841F44F0698BC58FC /* GoalDetailView.swift in Sources */ = {isa = PBXBuildFile; fileRef = 0163DC2841F44F0698BC58FC /* GoalDetailView.swift */; };
		1F1997AF4EF43DB9B899A05 /* DataExportView.swift in Sources */ = {isa = PBXBuildFile; fileRef = 71F1997AF4EF43DB9B899A05 /* DataExportView.swift */; };
		206960557BF4D418D53D5F0 /* HealthIntegrationView.swift in Sources */ = {isa = PBXBuildFile; fileRef = 4206960557BF4D418D53D5F0 /* HealthIntegrationView.swift */; };
		33234AAA16E4A298D49D1F6 /* AdvancedAnalyticsView.swift in Sources */ = {isa = PBXBuildFile; fileRef = 133234AAA16E4A298D49D1F6 /* AdvancedAnalyticsView.swift */; };
		334C17D692664B0FA1076F14 /* FastingTimerWidget.swift in Sources */ = {isa = PBXBuildFile; fileRef = DE945A3A7B52455C9B8DB752 /* FastingTimerWidget.swift */; };
		3646AABB93E440AD85BF5D29 /* CalTrackWidget.appex in Embed Foundation Extensions */ = {isa = PBXBuildFile; fileRef = 5667B47FA10C41A996596197 /* CalTrackWidget.appex */; settings = {ATTRIBUTES = (RemoveHeadersOnCopy, ); }; };
		37EC6DA5B3F245FA9F04FB7F /* NutritionSummaryWidget.swift in Sources */ = {isa = PBXBuildFile; fileRef = F4E5A62971B3492D980D3DB5 /* NutritionSummaryWidget.swift */; };
		3FA8343FBE943BBB2E53D1E /* Models/HealthKitManager.swift in Sources */ = {isa = PBXBuildFile; fileRef = A3FA8343FBE943BBB2E53D1E /* Models/HealthKitManager.swift */; };
		4132AA1C174546A38693EEC4 /* CalorieProgressWidget.swift in Sources */ = {isa = PBXBuildFile; fileRef = BEF9B8F2991D459898C22E59 /* CalorieProgressWidget.swift */; };
		4785903289B4F9288F4338D /* Models/Goal.swift in Sources */ = {isa = PBXBuildFile; fileRef = 14785903289B4F9288F4338D /* Models/Goal.swift */; };
		4BDF6395DD84E9995D787A1 /* RecipeLibraryView.swift in Sources */ = {isa = PBXBuildFile; fileRef = D4BDF6395DD84E9995D787A1 /* RecipeLibraryView.swift */; };
		5434CEA3373438E8D5CCECE /* Services/SubscriptionManager.swift in Sources */ = {isa = PBXBuildFile; fileRef = 75434CEA3373438E8D5CCECE /* Services/SubscriptionManager.swift */; };
		5A0343B6A0242509F302771 /* SmartGoalsView.swift in Sources */ = {isa = PBXBuildFile; fileRef = 25A0343B6A0242509F302771 /* SmartGoalsView.swift */; };
		5D0C751E04F40C2AF24ED8D /* PremiumUpgradeView.swift in Sources */ = {isa = PBXBuildFile; fileRef = 05D0C751E04F40C2AF24ED8D /* PremiumUpgradeView.swift */; };
		631872F9A04487FB8F85D57 /* EnhancedFoodSearchView.swift in Sources */ = {isa = PBXBuildFile; fileRef = 6631872F9A04487FB8F85D57 /* EnhancedFoodSearchView.swift */; };
		63A72A4437E45F9AD1C99B2 /* Services/EdamamService.swift in Sources */ = {isa = PBXBuildFile; fileRef = E63A72A4437E45F9AD1C99B2 /* Services/EdamamService.swift */; };
		6884B0F346F4BD6A2BC81EC /* AIFoodRecognitionView.swift in Sources */ = {isa = PBXBuildFile; fileRef = 26884B0F346F4BD6A2BC81EC /* AIFoodRecognitionView.swift */; };
		7619A6E26414A0B8216483B /* Services/OpenFoodFactsService.swift in Sources */ = {isa = PBXBuildFile; fileRef = 67619A6E26414A0B8216483B /* Services/OpenFoodFactsService.swift */; };
		77B5B64E24B4B2FA7BC8277 /* MealPlanningView.swift in Sources */ = {isa = PBXBuildFile; fileRef = 077B5B64E24B4B2FA7BC8277 /* MealPlanningView.swift */; };
		7980774AEAE46D2A930E349 /* GoalCreatorView.swift in Sources */ = {isa = PBXBuildFile; fileRef = E7980774AEAE46D2A930E349 /* GoalCreatorView.swift */; };
		7ACF8AA0784475D88719417 /* LiquidGlassComponents.swift in Sources */ = {isa = PBXBuildFile; fileRef = 97ACF8AA0784475D88719417 /* LiquidGlassComponents.swift */; };
		7F079C057ECF4C4485F91CAE /* Models/Views/AIMealPlannerView.swift in Sources */ = {isa = PBXBuildFile; fileRef = D118C24087D84B469B2C8564 /* Models/Views/AIMealPlannerView.swift */; };
		8B9FDD575B71489992E73F9C /* WidgetKit.framework in Frameworks */ = {isa = PBXBuildFile; fileRef = D3A0456B730E48398289DE51 /* WidgetKit.framework */; };
		95E8D23532384158B983EBA0 /* Services/WidgetDataProvider.swift in Sources */ = {isa = PBXBuildFile; fileRef = 084D7FDDBD134FADA957CD6F /* Services/WidgetDataProvider.swift */; };
		A0C8B6527F24382935C9FCD /* Models/Achievement.swift in Sources */ = {isa = PBXBuildFile; fileRef = DA0C8B6527F24382935C9FCD /* Models/Achievement.swift */; };
		A2DEE72B850C4090B3F28B85 /* CalTrackWidgetBundle.swift in Sources */ = {isa = PBXBuildFile; fileRef = 02A8B1F4082749099ABE366B /* CalTrackWidgetBundle.swift */; };
		A78AA933E1B4964947ABA20 /* Services/EnhancedFoodDatabase.swift in Sources */ = {isa = PBXBuildFile; fileRef = 3A78AA933E1B4964947ABA20 /* Services/EnhancedFoodDatabase.swift */; };
		AE2B6BE8FB84C31A3985869 /* Services/ThemeManager.swift in Sources */ = {isa = PBXBuildFile; fileRef = 7AE2B6BE8FB84C31A3985869 /* Services/ThemeManager.swift */; };
		B1C995EDBD94EB6990DAF5B /* Models/FoodRecognition.swift in Sources */ = {isa = PBXBuildFile; fileRef = CB1C995EDBD94EB6990DAF5B /* Models/FoodRecognition.swift */; };
		B9A2BE55491B4140BCEEE6DE /* Services/AIMealPlanningService.swift in Sources */ = {isa = PBXBuildFile; fileRef = 907B801AEF7240C798D15570 /* Services/AIMealPlanningService.swift */; };
		BF05B81BA2140188B8268BD /* AppearanceSettingsView.swift in Sources */ = {isa = PBXBuildFile; fileRef = 8BF05B81BA2140188B8268BD /* AppearanceSettingsView.swift */; };
		C0C6FC87EF24241BE8E8550 /* Services/USDAFoodDataService.swift in Sources */ = {isa = PBXBuildFile; fileRef = DC0C6FC87EF24241BE8E8550 /* Services/USDAFoodDataService.swift */; };
		C8CABA136284C6D9580EA56 /* AIFoodCameraView.swift in Sources */ = {isa = PBXBuildFile; fileRef = EC8CABA136284C6D9580EA56 /* AIFoodCameraView.swift */; };
		CB8322BAB0D42A695D4B4E8 /* EnhancedFoodDetailView.swift in Sources */ = {isa = PBXBuildFile; fileRef = 1CB8322BAB0D42A695D4B4E8 /* EnhancedFoodDetailView.swift */; };
		D54AC4F86C743E6A3F2FF51 /* FoodRecognitionResultView.swift in Sources */ = {isa = PBXBuildFile; fileRef = FD54AC4F86C743E6A3F2FF51 /* FoodRecognitionResultView.swift */; };
		DEF3975A1E3490D8D64BE70 /* AchievementDetailView.swift in Sources */ = {isa = PBXBuildFile; fileRef = 0DEF3975A1E3490D8D64BE70 /* AchievementDetailView.swift */; };
		F1CC7617B504A7397B0D75F /* SearchFiltersView.swift in Sources */ = {isa = PBXBuildFile; fileRef = DF1CC7617B504A7397B0D75F /* SearchFiltersView.swift */; };
		F7918A6E341471E96592DB4 /* EnhancedInsightsView.swift in Sources */ = {isa = PBXBuildFile; fileRef = 2F7918A6E341471E96592DB4 /* EnhancedInsightsView.swift */; };
		F89B542D41D435F80FA1603 /* RecipeBuilderView.swift in Sources */ = {isa = PBXBuildFile; fileRef = 4F89B542D41D435F80FA1603 /* RecipeBuilderView.swift */; };
		FB0B70B72EAB9C53004E511A /* SwiftData.framework in Frameworks */ = {isa = PBXBuildFile; fileRef = FB0B70B62EAB9C53004E511A /* SwiftData.framework */; };
		FB0B70BC2EABA62A004E511A /* AppState.swift in Sources */ = {isa = PBXBuildFile; fileRef = FB0B70BB2EABA62A004E511A /* AppState.swift */; };
		FB0B70BE2EABA64D004E511A /* FoodEntry.swift in Sources */ = {isa = PBXBuildFile; fileRef = FB0B70BD2EABA64D004E511A /* FoodEntry.swift */; };
		FB0B70C02EABA660004E511A /* Recipe.swift in Sources */ = {isa = PBXBuildFile; fileRef = FB0B70BF2EABA660004E511A /* Recipe.swift */; };
		FB0B70C22EABA66A004E511A /* UserProfile.swift in Sources */ = {isa = PBXBuildFile; fileRef = FB0B70C12EABA66A004E511A /* UserProfile.swift */; };
		FB0B70C42EABA6D4004E511A /* ContentView.swift in Sources */ = {isa = PBXBuildFile; fileRef = FB0B70C32EABA6D4004E511A /* ContentView.swift */; };
		FB0B70C62EABA6F5004E511A /* HomeView.swift in Sources */ = {isa = PBXBuildFile; fileRef = FB0B70C52EABA6F5004E511A /* HomeView.swift */; };
		FB0B70C82EABA707004E511A /* DiaryView.swift in Sources */ = {isa = PBXBuildFile; fileRef = FB0B70C72EABA707004E511A /* DiaryView.swift */; };
		FB0B70CA2EABA7B4004E511A /* InsightsView.swift in Sources */ = {isa = PBXBuildFile; fileRef = FB0B70C92EABA7B4004E511A /* InsightsView.swift */; };
		FB0B70CC2EABA7C8004E511A /* ProfileView.swift in Sources */ = {isa = PBXBuildFile; fileRef = FB0B70CB2EABA7C8004E511A /* ProfileView.swift */; };
		FB0B70CE2EABA7DB004E511A /* OnboardingView.swift in Sources */ = {isa = PBXBuildFile; fileRef = FB0B70CD2EABA7DB004E511A /* OnboardingView.swift */; };
		FB0B70D02EABA7E7004E511A /* BarcodeScannerView.swift in Sources */ = {isa = PBXBuildFile; fileRef = FB0B70CF2EABA7E7004E511A /* BarcodeScannerView.swift */; };
		FB0B70D22EABA7F3004E511A /* CameraView.swift in Sources */ = {isa = PBXBuildFile; fileRef = FB0B70D12EABA7F3004E511A /* CameraView.swift */; };
		FB0B70D42EABA802004E511A /* EditFoodEntryView.swift in Sources */ = {isa = PBXBuildFile; fileRef = FB0B70D32EABA802004E511A /* EditFoodEntryView.swift */; };
		FB0B70D62EABA811004E511A /* EditProfileView.swift in Sources */ = {isa = PBXBuildFile; fileRef = FB0B70D52EABA811004E511A /* EditProfileView.swift */; };
		FB0B70D82EABA820004E511A /* FoodDetailsView.swift in Sources */ = {isa = PBXBuildFile; fileRef = FB0B70D72EABA820004E511A /* FoodDetailsView.swift */; };
		FB0B70DA2EABA832004E511A /* ImagePicker.swift in Sources */ = {isa = PBXBuildFile; fileRef = FB0B70D92EABA832004E511A /* ImagePicker.swift */; };
		FB0B70DC2EABA83F004E511A /* ManualEntryView.swift in Sources */ = {isa = PBXBuildFile; fileRef = FB0B70DB2EABA83F004E511A /* ManualEntryView.swift */; };
		FB0B70DE2EABA84F004E511A /* SettingsView.swift in Sources */ = {isa = PBXBuildFile; fileRef = FB0B70DD2EABA84F004E511A /* SettingsView.swift */; };
		FB0B70E02EABA877004E511A /* Extensions.swift in Sources */ = {isa = PBXBuildFile; fileRef = FB0B70DF2EABA877004E511A /* Extensions.swift */; };
		FB0B711A2EAEF8A1004E511A /* FoodSearchView.swift in Sources */ = {isa = PBXBuildFile; fileRef = FB0B71192EAEF8A1004E511A /* FoodSearchView.swift */; };
		FB0B71292EAFB84E004E511A /* NutritionAPIService.swift in Sources */ = {isa = PBXBuildFile; fileRef = FB0B71282EAFB84E004E511A /* NutritionAPIService.swift */; };
		FB0B71302EAFB85F004E511A /* NutritionAPIModels.swift in Sources */ = {isa = PBXBuildFile; fileRef = FB0B712F2EAFB85F004E511A /* NutritionAPIModels.swift */; };
		FB0B71312EAFB870004E511A /* Utilities/APIConfig.swift in Sources */ = {isa = PBXBuildFile; fileRef = FB0B71322EAFB870004E511A /* Utilities/APIConfig.swift */; };
		FB0B71332EAFB880004E511A /* EnhancedProductDetailsView.swift in Sources */ = {isa = PBXBuildFile; fileRef = FB0B71342EAFB880004E511A /* EnhancedProductDetailsView.swift */; };
		FB0B71352EAFB890004E511A /* EnhancedBarcodeScannerView.swift in Sources */ = {isa = PBXBuildFile; fileRef = FB0B71362EAFB890004E511A /* EnhancedBarcodeScannerView.swift */; };
		FB26463A2EFCE54900245D81 /* StoreKit.framework in Frameworks */ = {isa = PBXBuildFile; fileRef = FB2646392EFCE54900245D81 /* StoreKit.framework */; };
		FBDAA1332EBE635300EB31F2 /* VoiceInputView.swift in Sources */ = {isa = PBXBuildFile; fileRef = FBDAA1322EBE635300EB31F2 /* VoiceInputView.swift */; };
		FBFASTING001 /* Services/FastingManager.swift in Sources */ = {isa = PBXBuildFile; fileRef = FBFASTING002 /* Services/FastingManager.swift */; };
		FBFASTING003 /* Models/Views/FastingView.swift in Sources */ = {isa = PBXBuildFile; fileRef = FBFASTING004 /* Models/Views/FastingView.swift */; };
		FBGROCERY001 /* Services/GroceryListService.swift in Sources */ = {isa = PBXBuildFile; fileRef = FBGROCERY002 /* Services/GroceryListService.swift */; };
		FBGROCERY003 /* Models/Views/GroceryListView.swift in Sources */ = {isa = PBXBuildFile; fileRef = FBGROCERY004 /* Models/Views/GroceryListView.swift */; };
/* End PBXBuildFile section */

/* Begin PBXContainerItemProxy section */
		FB0B70992EAB9B09004E511A /* PBXContainerItemProxy */ = {
			isa = PBXContainerItemProxy;
			containerPortal = FB0B70812EAB9AFB004E511A /* Project object */;
			proxyType = 1;
			remoteGlobalIDString = FB0B70882EAB9AFC004E511A;
			remoteInfo = CalTrackProFixed;
		};
		FB0B70A32EAB9B09004E511A /* PBXContainerItemProxy */ = {
			isa = PBXContainerItemProxy;
			containerPortal = FB0B70812EAB9AFB004E511A /* Project object */;
			proxyType = 1;
			remoteGlobalIDString = FB0B70882EAB9AFC004E511A;
			remoteInfo = CalTrackProFixed;
		};
		FF35DACDA7A548BBA0178D73 /* PBXContainerItemProxy */ = {
			isa = PBXContainerItemProxy;
			containerPortal = FB0B70812EAB9AFB004E511A /* Project object */;
			proxyType = 1;
			remoteGlobalIDString = AF2F2C17F3D040038F729C95;
			remoteInfo = CalTrackWidget;
		};
/* End PBXContainerItemProxy section */

/* Begin PBXCopyFilesBuildPhase section */
		0B5B0E579946481FA039C6B1 /* Embed Foundation Extensions */ = {
			isa = PBXCopyFilesBuildPhase;
			buildActionMask = 2147483647;
			dstPath = "";
			dstSubfolderSpec = 13;
			files = (
				3646AABB93E440AD85BF5D29 /* CalTrackWidget.appex in Embed Foundation Extensions */,
			);
			name = "Embed Foundation Extensions";
			runOnlyForDeploymentPostprocessing = 0;
		};
/* End PBXCopyFilesBuildPhase section */

/* Begin PBXFileReference section */
		0163DC2841F44F0698BC58FC /* GoalDetailView.swift */ = {isa = PBXFileReference; lastKnownFileType = sourcecode.swift; path = GoalDetailView.swift; sourceTree = "<group>"; };
		02A8B1F4082749099ABE366B /* CalTrackWidgetBundle.swift */ = {isa = PBXFileReference; lastKnownFileType = sourcecode.swift; path = CalTrackWidgetBundle.swift; sourceTree = "<group>"; };
		05D0C751E04F40C2AF24ED8D /* PremiumUpgradeView.swift */ = {isa = PBXFileReference; lastKnownFileType = sourcecode.swift; path = PremiumUpgradeView.swift; sourceTree = "<group>"; };
		077B5B64E24B4B2FA7BC8277 /* MealPlanningView.swift */ = {isa = PBXFileReference; lastKnownFileType = sourcecode.swift; path = MealPlanningView.swift; sourceTree = "<group>"; };
		084D7FDDBD134FADA957CD6F /* Services/WidgetDataProvider.swift */ = {isa = PBXFileReference; lastKnownFileType = sourcecode.swift; path = Services/WidgetDataProvider.swift; sourceTree = "<group>"; };
		0DEF3975A1E3490D8D64BE70 /* AchievementDetailView.swift */ = {isa = PBXFileReference; lastKnownFileType = sourcecode.swift; path = AchievementDetailView.swift; sourceTree = "<group>"; };
		133234AAA16E4A298D49D1F6 /* AdvancedAnalyticsView.swift */ = {isa = PBXFileReference; lastKnownFileType = sourcecode.swift; path = AdvancedAnalyticsView.swift; sourceTree = "<group>"; };
		14785903289B4F9288F4338D /* Models/Goal.swift */ = {isa = PBXFileReference; lastKnownFileType = sourcecode.swift; path = Models/Goal.swift; sourceTree = "<group>"; };
		1CB8322BAB0D42A695D4B4E8 /* EnhancedFoodDetailView.swift */ = {isa = PBXFileReference; lastKnownFileType = sourcecode.swift; path = EnhancedFoodDetailView.swift; sourceTree = "<group>"; };
		25A0343B6A0242509F302771 /* SmartGoalsView.swift */ = {isa = PBXFileReference; lastKnownFileType = sourcecode.swift; path = SmartGoalsView.swift; sourceTree = "<group>"; };
		26884B0F346F4BD6A2BC81EC /* AIFoodRecognitionView.swift */ = {isa = PBXFileReference; lastKnownFileType = sourcecode.swift; path = AIFoodRecognitionView.swift; sourceTree = "<group>"; };
		2F7918A6E341471E96592DB4 /* EnhancedInsightsView.swift */ = {isa = PBXFileReference; lastKnownFileType = sourcecode.swift; path = EnhancedInsightsView.swift; sourceTree = "<group>"; };
		3A78AA933E1B4964947ABA20 /* Services/EnhancedFoodDatabase.swift */ = {isa = PBXFileReference; lastKnownFileType = sourcecode.swift; path = Services/EnhancedFoodDatabase.swift; sourceTree = "<group>"; };
		4206960557BF4D418D53D5F0 /* HealthIntegrationView.swift */ = {isa = PBXFileReference; lastKnownFileType = sourcecode.swift; path = HealthIntegrationView.swift; sourceTree = "<group>"; };
		4F89B542D41D435F80FA1603 /* RecipeBuilderView.swift */ = {isa = PBXFileReference; lastKnownFileType = sourcecode.swift; path = RecipeBuilderView.swift; sourceTree = "<group>"; };
		5667B47FA10C41A996596197 /* CalTrackWidget.appex */ = {isa = PBXFileReference; explicitFileType = "wrapper.app-extension"; includeInIndex = 0; path = CalTrackWidget.appex; sourceTree = BUILT_PRODUCTS_DIR; };
		6631872F9A04487FB8F85D57 /* EnhancedFoodSearchView.swift */ = {isa = PBXFileReference; lastKnownFileType = sourcecode.swift; path = EnhancedFoodSearchView.swift; sourceTree = "<group>"; };
		67619A6E26414A0B8216483B /* Services/OpenFoodFactsService.swift */ = {isa = PBXFileReference; lastKnownFileType = sourcecode.swift; path = Services/OpenFoodFactsService.swift; sourceTree = "<group>"; };
		71F1997AF4EF43DB9B899A05 /* DataExportView.swift */ = {isa = PBXFileReference; lastKnownFileType = sourcecode.swift; path = DataExportView.swift; sourceTree = "<group>"; };
		75434CEA3373438E8D5CCECE /* Services/SubscriptionManager.swift */ = {isa = PBXFileReference; lastKnownFileType = sourcecode.swift; path = Services/SubscriptionManager.swift; sourceTree = "<group>"; };
		7AE2B6BE8FB84C31A3985869 /* Services/ThemeManager.swift */ = {isa = PBXFileReference; lastKnownFileType = sourcecode.swift; path = Services/ThemeManager.swift; sourceTree = "<group>"; };
		8083E32155EE40E59C2FD8C2 /* AdvancedUIComponents.swift */ = {isa = PBXFileReference; lastKnownFileType = sourcecode.swift; path = AdvancedUIComponents.swift; sourceTree = "<group>"; };
		8BF05B81BA2140188B8268BD /* AppearanceSettingsView.swift */ = {isa = PBXFileReference; lastKnownFileType = sourcecode.swift; path = AppearanceSettingsView.swift; sourceTree = "<group>"; };
		907B801AEF7240C798D15570 /* Services/AIMealPlanningService.swift */ = {isa = PBXFileReference; lastKnownFileType = sourcecode.swift; path = Services/AIMealPlanningService.swift; sourceTree = "<group>"; };
		97ACF8AA0784475D88719417 /* LiquidGlassComponents.swift */ = {isa = PBXFileReference; lastKnownFileType = sourcecode.swift; path = LiquidGlassComponents.swift; sourceTree = "<group>"; };
		A3FA8343FBE943BBB2E53D1E /* Models/HealthKitManager.swift */ = {isa = PBXFileReference; lastKnownFileType = sourcecode.swift; path = Models/HealthKitManager.swift; sourceTree = "<group>"; };
		BEF9B8F2991D459898C22E59 /* CalorieProgressWidget.swift */ = {isa = PBXFileReference; lastKnownFileType = sourcecode.swift; path = CalorieProgressWidget.swift; sourceTree = "<group>"; };
		CB1C995EDBD94EB6990DAF5B /* Models/FoodRecognition.swift */ = {isa = PBXFileReference; lastKnownFileType = sourcecode.swift; path = Models/FoodRecognition.swift; sourceTree = "<group>"; };
		D118C24087D84B469B2C8564 /* Models/Views/AIMealPlannerView.swift */ = {isa = PBXFileReference; lastKnownFileType = sourcecode.swift; path = Models/Views/AIMealPlannerView.swift; sourceTree = "<group>"; };
		D3A0456B730E48398289DE51 /* WidgetKit.framework */ = {isa = PBXFileReference; lastKnownFileType = wrapper.framework; name = WidgetKit.framework; path = System/Library/Frameworks/WidgetKit.framework; sourceTree = SDKROOT; };
		D4BDF6395DD84E9995D787A1 /* RecipeLibraryView.swift */ = {isa = PBXFileReference; lastKnownFileType = sourcecode.swift; path = RecipeLibraryView.swift; sourceTree = "<group>"; };
		DA0C8B6527F24382935C9FCD /* Models/Achievement.swift */ = {isa = PBXFileReference; lastKnownFileType = sourcecode.swift; path = Models/Achievement.swift; sourceTree = "<group>"; };
		DC0C6FC87EF24241BE8E8550 /* Services/USDAFoodDataService.swift */ = {isa = PBXFileReference; lastKnownFileType = sourcecode.swift; path = Services/USDAFoodDataService.swift; sourceTree = "<group>"; };
		DE945A3A7B52455C9B8DB752 /* FastingTimerWidget.swift */ = {isa = PBXFileReference; lastKnownFileType = sourcecode.swift; path = FastingTimerWidget.swift; sourceTree = "<group>"; };
		DF1CC7617B504A7397B0D75F /* SearchFiltersView.swift */ = {isa = PBXFileReference; lastKnownFileType = sourcecode.swift; path = SearchFiltersView.swift; sourceTree = "<group>"; };
		E63A72A4437E45F9AD1C99B2 /* Services/EdamamService.swift */ = {isa = PBXFileReference; lastKnownFileType = sourcecode.swift; path = Services/EdamamService.swift; sourceTree = "<group>"; };
		E7980774AEAE46D2A930E349 /* GoalCreatorView.swift */ = {isa = PBXFileReference; lastKnownFileType = sourcecode.swift; path = GoalCreatorView.swift; sourceTree = "<group>"; };
		EC8CABA136284C6D9580EA56 /* AIFoodCameraView.swift */ = {isa = PBXFileReference; lastKnownFileType = sourcecode.swift; path = AIFoodCameraView.swift; sourceTree = "<group>"; };
		F4E5A62971B3492D980D3DB5 /* NutritionSummaryWidget.swift */ = {isa = PBXFileReference; lastKnownFileType = sourcecode.swift; path = NutritionSummaryWidget.swift; sourceTree = "<group>"; };
		FB0B70892EAB9AFC004E511A /* CalTrackProFixed.app */ = {isa = PBXFileReference; explicitFileType = wrapper.application; includeInIndex = 0; path = CalTrackProFixed.app; sourceTree = BUILT_PRODUCTS_DIR; };
		FB0B70982EAB9B09004E511A /* CalTrackProFixedTests.xctest */ = {isa = PBXFileReference; explicitFileType = wrapper.cfbundle; includeInIndex = 0; path = CalTrackProFixedTests.xctest; sourceTree = BUILT_PRODUCTS_DIR; };
		FB0B70A22EAB9B09004E511A /* CalTrackProFixedUITests.xctest */ = {isa = PBXFileReference; explicitFileType = wrapper.cfbundle; includeInIndex = 0; path = CalTrackProFixedUITests.xctest; sourceTree = BUILT_PRODUCTS_DIR; };
		FB0B70B62EAB9C53004E511A /* SwiftData.framework */ = {isa = PBXFileReference; lastKnownFileType = wrapper.framework; name = SwiftData.framework; path = System/Library/Frameworks/SwiftData.framework; sourceTree = SDKROOT; };
		FB0B70BB2EABA62A004E511A /* AppState.swift */ = {isa = PBXFileReference; lastKnownFileType = sourcecode.swift; path = AppState.swift; sourceTree = "<group>"; };
		FB0B70BD2EABA64D004E511A /* FoodEntry.swift */ = {isa = PBXFileReference; lastKnownFileType = sourcecode.swift; path = FoodEntry.swift; sourceTree = "<group>"; };
		FB0B70BF2EABA660004E511A /* Recipe.swift */ = {isa = PBXFileReference; lastKnownFileType = sourcecode.swift; path = Recipe.swift; sourceTree = "<group>"; };
		FB0B70C12EABA66A004E511A /* UserProfile.swift */ = {isa = PBXFileReference; lastKnownFileType = sourcecode.swift; path = UserProfile.swift; sourceTree = "<group>"; };
		FB0B70C32EABA6D4004E511A /* ContentView.swift */ = {isa = PBXFileReference; lastKnownFileType = sourcecode.swift; path = ContentView.swift; sourceTree = "<group>"; };
		FB0B70C52EABA6F5004E511A /* HomeView.swift */ = {isa = PBXFileReference; lastKnownFileType = sourcecode.swift; path = HomeView.swift; sourceTree = "<group>"; };
		FB0B70C72EABA707004E511A /* DiaryView.swift */ = {isa = PBXFileReference; lastKnownFileType = sourcecode.swift; path = DiaryView.swift; sourceTree = "<group>"; };
		FB0B70C92EABA7B4004E511A /* InsightsView.swift */ = {isa = PBXFileReference; lastKnownFileType = sourcecode.swift; path = InsightsView.swift; sourceTree = "<group>"; };
		FB0B70CB2EABA7C8004E511A /* ProfileView.swift */ = {isa = PBXFileReference; lastKnownFileType = sourcecode.swift; path = ProfileView.swift; sourceTree = "<group>"; };
		FB0B70CD2EABA7DB004E511A /* OnboardingView.swift */ = {isa = PBXFileReference; lastKnownFileType = sourcecode.swift; path = OnboardingView.swift; sourceTree = "<group>"; };
		FB0B70CF2EABA7E7004E511A /* BarcodeScannerView.swift */ = {isa = PBXFileReference; lastKnownFileType = sourcecode.swift; path = BarcodeScannerView.swift; sourceTree = "<group>"; };
		FB0B70D12EABA7F3004E511A /* CameraView.swift */ = {isa = PBXFileReference; lastKnownFileType = sourcecode.swift; path = CameraView.swift; sourceTree = "<group>"; };
		FB0B70D32EABA802004E511A /* EditFoodEntryView.swift */ = {isa = PBXFileReference; lastKnownFileType = sourcecode.swift; path = EditFoodEntryView.swift; sourceTree = "<group>"; };
		FB0B70D52EABA811004E511A /* EditProfileView.swift */ = {isa = PBXFileReference; lastKnownFileType = sourcecode.swift; path = EditProfileView.swift; sourceTree = "<group>"; };
		FB0B70D72EABA820004E511A /* FoodDetailsView.swift */ = {isa = PBXFileReference; lastKnownFileType = sourcecode.swift; path = FoodDetailsView.swift; sourceTree = "<group>"; };
		FB0B70D92EABA832004E511A /* ImagePicker.swift */ = {isa = PBXFileReference; lastKnownFileType = sourcecode.swift; path = ImagePicker.swift; sourceTree = "<group>"; };
		FB0B70DB2EABA83F004E511A /* ManualEntryView.swift */ = {isa = PBXFileReference; lastKnownFileType = sourcecode.swift; path = ManualEntryView.swift; sourceTree = "<group>"; };
		FB0B70DD2EABA84F004E511A /* SettingsView.swift */ = {isa = PBXFileReference; lastKnownFileType = sourcecode.swift; path = SettingsView.swift; sourceTree = "<group>"; };
		FB0B70DF2EABA877004E511A /* Extensions.swift */ = {isa = PBXFileReference; lastKnownFileType = sourcecode.swift; path = Extensions.swift; sourceTree = "<group>"; };
		FB0B71192EAEF8A1004E511A /* FoodSearchView.swift */ = {isa = PBXFileReference; lastKnownFileType = sourcecode.swift; path = FoodSearchView.swift; sourceTree = "<group>"; };
		FB0B71282EAFB84E004E511A /* NutritionAPIService.swift */ = {isa = PBXFileReference; lastKnownFileType = sourcecode.swift; path = NutritionAPIService.swift; sourceTree = "<group>"; };
		FB0B712F2EAFB85F004E511A /* NutritionAPIModels.swift */ = {isa = PBXFileReference; lastKnownFileType = sourcecode.swift; path = NutritionAPIModels.swift; sourceTree = "<group>"; };
		FB0B71322EAFB870004E511A /* Utilities/APIConfig.swift */ = {isa = PBXFileReference; lastKnownFileType = sourcecode.swift; path = Utilities/APIConfig.swift; sourceTree = "<group>"; };
		FB0B71342EAFB880004E511A /* EnhancedProductDetailsView.swift */ = {isa = PBXFileReference; lastKnownFileType = sourcecode.swift; path = EnhancedProductDetailsView.swift; sourceTree = "<group>"; };
		FB0B71362EAFB890004E511A /* EnhancedBarcodeScannerView.swift */ = {isa = PBXFileReference; lastKnownFileType = sourcecode.swift; path = EnhancedBarcodeScannerView.swift; sourceTree = "<group>"; };
		FB2646392EFCE54900245D81 /* StoreKit.framework */ = {isa = PBXFileReference; lastKnownFileType = wrapper.framework; name = StoreKit.framework; path = System/Library/Frameworks/StoreKit.framework; sourceTree = SDKROOT; };
		FBDAA1322EBE635300EB31F2 /* VoiceInputView.swift */ = {isa = PBXFileReference; lastKnownFileType = sourcecode.swift; path = VoiceInputView.swift; sourceTree = "<group>"; };
		FBFASTING002 /* Services/FastingManager.swift */ = {isa = PBXFileReference; lastKnownFileType = sourcecode.swift; path = Services/FastingManager.swift; sourceTree = "<group>"; };
		FBFASTING004 /* Models/Views/FastingView.swift */ = {isa = PBXFileReference; lastKnownFileType = sourcecode.swift; path = Models/Views/FastingView.swift; sourceTree = "<group>"; };
		FBGROCERY002 /* Services/GroceryListService.swift */ = {isa = PBXFileReference; lastKnownFileType = sourcecode.swift; path = Services/GroceryListService.swift; sourceTree = "<group>"; };
		FBGROCERY004 /* Models/Views/GroceryListView.swift */ = {isa = PBXFileReference; lastKnownFileType = sourcecode.swift; path = Models/Views/GroceryListView.swift; sourceTree = "<group>"; };
		FD54AC4F86C743E6A3F2FF51 /* FoodRecognitionResultView.swift */ = {isa = PBXFileReference; lastKnownFileType = sourcecode.swift; path = FoodRecognitionResultView.swift; sourceTree = "<group>"; };
/* End PBXFileReference section */

/* Begin PBXFileSystemSynchronizedRootGroup section */
		FB0B708B2EAB9AFC004E511A /* CalTrackProFixed */ = {
			isa = PBXFileSystemSynchronizedRootGroup;
			path = CalTrackProFixed;
			sourceTree = "<group>";
		};
		FB0B709B2EAB9B09004E511A /* CalTrackProFixedTests */ = {
			isa = PBXFileSystemSynchronizedRootGroup;
			path = CalTrackProFixedTests;
			sourceTree = "<group>";
		};
		FB0B70A52EAB9B09004E511A /* CalTrackProFixedUITests */ = {
			isa = PBXFileSystemSynchronizedRootGroup;
			path = CalTrackProFixedUITests;
			sourceTree = "<group>";
		};
/* End PBXFileSystemSynchronizedRootGroup section */

/* Begin PBXFrameworksBuildPhase section */
		E951C607412945819B206421 /* Frameworks */ = {
			isa = PBXFrameworksBuildPhase;
			buildActionMask = 2147483647;
			files = (
				8B9FDD575B71489992E73F9C /* WidgetKit.framework in Frameworks */,
			);
			runOnlyForDeploymentPostprocessing = 0;
		};
		FB0B70862EAB9AFC004E511A /* Frameworks */ = {
			isa = PBXFrameworksBuildPhase;
			buildActionMask = 2147483647;
			files = (
				FB0B70B72EAB9C53004E511A /* SwiftData.framework in Frameworks */,
				FB26463A2EFCE54900245D81 /* StoreKit.framework in Frameworks */,
			);
			runOnlyForDeploymentPostprocessing = 0;
		};
		FB0B70952EAB9B09004E511A /* Frameworks */ = {
			isa = PBXFrameworksBuildPhase;
			buildActionMask = 2147483647;
			files = (
			);
			runOnlyForDeploymentPostprocessing = 0;
		};
		FB0B709F2EAB9B09004E511A /* Frameworks */ = {
			isa = PBXFrameworksBuildPhase;
			buildActionMask = 2147483647;
			files = (
			);
			runOnlyForDeploymentPostprocessing = 0;
		};
/* End PBXFrameworksBuildPhase section */

/* Begin PBXGroup section */
		EFD66A0423D0423C8B8E37C7 /* CalTrackWidget */ = {
			isa = PBXGroup;
			children = (
				02A8B1F4082749099ABE366B /* CalTrackWidgetBundle.swift */,
				BEF9B8F2991D459898C22E59 /* CalorieProgressWidget.swift */,
				DE945A3A7B52455C9B8DB752 /* FastingTimerWidget.swift */,
				F4E5A62971B3492D980D3DB5 /* NutritionSummaryWidget.swift */,
			);
			path = CalTrackWidget;
			sourceTree = "<group>";
		};
		FB0B70802EAB9AFB004E511A = {
			isa = PBXGroup;
			children = (
				EFD66A0423D0423C8B8E37C7 /* CalTrackWidget */,
				FB0B70B82EABA3F4004E511A /* Models */,
				FB0B709B2EAB9B09004E511A /* CalTrackProFixedTests */,
				FB0B70A52EAB9B09004E511A /* CalTrackProFixedUITests */,
				FB0B70B52EAB9C52004E511A /* Frameworks */,
				FB0B708A2EAB9AFC004E511A /* Products */,
				FB5640FE2EE672A8000C4321 /* Recovered References */,
			);
			sourceTree = "<group>";
		};
		FB0B708A2EAB9AFC004E511A /* Products */ = {
			isa = PBXGroup;
			children = (
				FB0B70892EAB9AFC004E511A /* CalTrackProFixed.app */,
				5667B47FA10C41A996596197 /* CalTrackWidget.appex */,
				FB0B70982EAB9B09004E511A /* CalTrackProFixedTests.xctest */,
				FB0B70A22EAB9B09004E511A /* CalTrackProFixedUITests.xctest */,
			);
			name = Products;
			sourceTree = "<group>";
		};
		FB0B70B52EAB9C52004E511A /* Frameworks */ = {
			isa = PBXGroup;
			children = (
				FB2646392EFCE54900245D81 /* StoreKit.framework */,
				FB0B70B62EAB9C53004E511A /* SwiftData.framework */,
				D3A0456B730E48398289DE51 /* WidgetKit.framework */,
			);
			name = Frameworks;
			sourceTree = "<group>";
		};
		FB0B70B82EABA3F4004E511A /* Models */ = {
			isa = PBXGroup;
			children = (
				FB0B71282EAFB84E004E511A /* NutritionAPIService.swift */,
				FB0B712F2EAFB85F004E511A /* NutritionAPIModels.swift */,
				FB0B71322EAFB870004E511A /* Utilities/APIConfig.swift */,
				FB0B70B92EABA414004E511A /* Views */,
				FB0B70BA2EABA432004E511A /* Utilities */,
				FB0B70BB2EABA62A004E511A /* AppState.swift */,
				FB0B70BD2EABA64D004E511A /* FoodEntry.swift */,
				FB0B70BF2EABA660004E511A /* Recipe.swift */,
				FB0B70C12EABA66A004E511A /* UserProfile.swift */,
			);
			path = Models;
			sourceTree = "<group>";
		};
		FB0B70B92EABA414004E511A /* Views */ = {
			isa = PBXGroup;
			children = (
				FBDAA1322EBE635300EB31F2 /* VoiceInputView.swift */,
				FB0B71192EAEF8A1004E511A /* FoodSearchView.swift */,
				FB0B70C32EABA6D4004E511A /* ContentView.swift */,
				FB0B70C52EABA6F5004E511A /* HomeView.swift */,
				FB0B70C72EABA707004E511A /* DiaryView.swift */,
				FB0B70C92EABA7B4004E511A /* InsightsView.swift */,
				2F7918A6E341471E96592DB4 /* EnhancedInsightsView.swift */,
				97ACF8AA0784475D88719417 /* LiquidGlassComponents.swift */,
				8083E32155EE40E59C2FD8C2 /* AdvancedUIComponents.swift */,
				8BF05B81BA2140188B8268BD /* AppearanceSettingsView.swift */,
				05D0C751E04F40C2AF24ED8D /* PremiumUpgradeView.swift */,
				077B5B64E24B4B2FA7BC8277 /* MealPlanningView.swift */,
				133234AAA16E4A298D49D1F6 /* AdvancedAnalyticsView.swift */,
				71F1997AF4EF43DB9B899A05 /* DataExportView.swift */,
				6631872F9A04487FB8F85D57 /* EnhancedFoodSearchView.swift */,
				DF1CC7617B504A7397B0D75F /* SearchFiltersView.swift */,
				1CB8322BAB0D42A695D4B4E8 /* EnhancedFoodDetailView.swift */,
				4206960557BF4D418D53D5F0 /* HealthIntegrationView.swift */,
				EC8CABA136284C6D9580EA56 /* AIFoodCameraView.swift */,
				26884B0F346F4BD6A2BC81EC /* AIFoodRecognitionView.swift */,
				FD54AC4F86C743E6A3F2FF51 /* FoodRecognitionResultView.swift */,
				25A0343B6A0242509F302771 /* SmartGoalsView.swift */,
				E7980774AEAE46D2A930E349 /* GoalCreatorView.swift */,
				0163DC2841F44F0698BC58FC /* GoalDetailView.swift */,
				0DEF3975A1E3490D8D64BE70 /* AchievementDetailView.swift */,
				4F89B542D41D435F80FA1603 /* RecipeBuilderView.swift */,
				D4BDF6395DD84E9995D787A1 /* RecipeLibraryView.swift */,
				FB0B70CB2EABA7C8004E511A /* ProfileView.swift */,
				FB0B70CD2EABA7DB004E511A /* OnboardingView.swift */,
				FB0B70CF2EABA7E7004E511A /* BarcodeScannerView.swift */,
				FB0B71362EAFB890004E511A /* EnhancedBarcodeScannerView.swift */,
				FB0B71342EAFB880004E511A /* EnhancedProductDetailsView.swift */,
				FB0B70D12EABA7F3004E511A /* CameraView.swift */,
				FB0B70D32EABA802004E511A /* EditFoodEntryView.swift */,
				FB0B70D52EABA811004E511A /* EditProfileView.swift */,
				FB0B70D72EABA820004E511A /* FoodDetailsView.swift */,
				FB0B70D92EABA832004E511A /* ImagePicker.swift */,
				FB0B70DB2EABA83F004E511A /* ManualEntryView.swift */,
				FB0B70DD2EABA84F004E511A /* SettingsView.swift */,
			);
			path = Views;
			sourceTree = "<group>";
		};
		FB0B70BA2EABA432004E511A /* Utilities */ = {
			isa = PBXGroup;
			children = (
				FB0B708B2EAB9AFC004E511A /* CalTrackProFixed */,
				FB0B70DF2EABA877004E511A /* Extensions.swift */,
			);
			path = Utilities;
			sourceTree = "<group>";
		};
		FB5640FE2EE672A8000C4321 /* Recovered References */ = {
			isa = PBXGroup;
			children = (
				907B801AEF7240C798D15570 /* Services/AIMealPlanningService.swift */,
				D118C24087D84B469B2C8564 /* Models/Views/AIMealPlannerView.swift */,
				7AE2B6BE8FB84C31A3985869 /* Services/ThemeManager.swift */,
				75434CEA3373438E8D5CCECE /* Services/SubscriptionManager.swift */,
				3A78AA933E1B4964947ABA20 /* Services/EnhancedFoodDatabase.swift */,
				DC0C6FC87EF24241BE8E8550 /* Services/USDAFoodDataService.swift */,
				67619A6E26414A0B8216483B /* Services/OpenFoodFactsService.swift */,
				E63A72A4437E45F9AD1C99B2 /* Services/EdamamService.swift */,
				A3FA8343FBE943BBB2E53D1E /* Models/HealthKitManager.swift */,
				CB1C995EDBD94EB6990DAF5B /* Models/FoodRecognition.swift */,
				14785903289B4F9288F4338D /* Models/Goal.swift */,
				DA0C8B6527F24382935C9FCD /* Models/Achievement.swift */,
				FBFASTING002 /* Services/FastingManager.swift */,
				FBFASTING004 /* Models/Views/FastingView.swift */,
				FBGROCERY002 /* Services/GroceryListService.swift */,
				FBGROCERY004 /* Models/Views/GroceryListView.swift */,
				084D7FDDBD134FADA957CD6F /* Services/WidgetDataProvider.swift */,
			);
			name = "Recovered References";
			sourceTree = "<group>";
		};
/* End PBXGroup section */

/* Begin PBXNativeTarget section */
		AF2F2C17F3D040038F729C95 /* CalTrackWidget */ = {
			isa = PBXNativeTarget;
			buildConfigurationList = 8A43F7F3C18F4D88A6F6245C /* Build configuration list for PBXNativeTarget "CalTrackWidget" */;
			buildPhases = (
				EB4E8BE2BD1B44EA85047D27 /* Sources */,
				E951C607412945819B206421 /* Frameworks */,
				4D2A42222625450980D1F508 /* Resources */,
			);
			buildRules = (
			);
			dependencies = (
			);
			name = CalTrackWidget;
			packageProductDependencies = (
			);
			productName = CalTrackWidget;
			productReference = 5667B47FA10C41A996596197 /* CalTrackWidget.appex */;
			productType = "com.apple.product-type.app-extension";
		};
		FB0B70882EAB9AFC004E511A /* CalTrackProFixed */ = {
			isa = PBXNativeTarget;
			buildConfigurationList = FB0B70AC2EAB9B09004E511A /* Build configuration list for PBXNativeTarget "CalTrackProFixed" */;
			buildPhases = (
				FB0B70852EAB9AFC004E511A /* Sources */,
				FB0B70862EAB9AFC004E511A /* Frameworks */,
				FB0B70872EAB9AFC004E511A /* Resources */,
				0B5B0E579946481FA039C6B1 /* Embed Foundation Extensions */,
			);
			buildRules = (
			);
			dependencies = (
				C7B75C85DD2D41EA97A647AF /* PBXTargetDependency */,
			);
			fileSystemSynchronizedGroups = (
				FB0B708B2EAB9AFC004E511A /* CalTrackProFixed */,
			);
			name = CalTrackProFixed;
			packageProductDependencies = (
			);
			productName = CalTrackProFixed;
			productReference = FB0B70892EAB9AFC004E511A /* CalTrackProFixed.app */;
			productType = "com.apple.product-type.application";
		};
		FB0B70972EAB9B09004E511A /* CalTrackProFixedTests */ = {
			isa = PBXNativeTarget;
			buildConfigurationList = FB0B70AF2EAB9B09004E511A /* Build configuration list for PBXNativeTarget "CalTrackProFixedTests" */;
			buildPhases = (
				FB0B70942EAB9B09004E511A /* Sources */,
				FB0B70952EAB9B09004E511A /* Frameworks */,
				FB0B70962EAB9B09004E511A /* Resources */,
			);
			buildRules = (
			);
			dependencies = (
				FB0B709A2EAB9B09004E511A /* PBXTargetDependency */,
			);
			fileSystemSynchronizedGroups = (
				FB0B709B2EAB9B09004E511A /* CalTrackProFixedTests */,
			);
			name = CalTrackProFixedTests;
			packageProductDependencies = (
			);
			productName = CalTrackProFixedTests;
			productReference = FB0B70982EAB9B09004E511A /* CalTrackProFixedTests.xctest */;
			productType = "com.apple.product-type.bundle.unit-test";
		};
		FB0B70A12EAB9B09004E511A /* CalTrackProFixedUITests */ = {
			isa = PBXNativeTarget;
			buildConfigurationList = FB0B70B22EAB9B09004E511A /* Build configuration list for PBXNativeTarget "CalTrackProFixedUITests" */;
			buildPhases = (
				FB0B709E2EAB9B09004E511A /* Sources */,
				FB0B709F2EAB9B09004E511A /* Frameworks */,
				FB0B70A02EAB9B09004E511A /* Resources */,
			);
			buildRules = (
			);
			dependencies = (
				FB0B70A42EAB9B09004E511A /* PBXTargetDependency */,
			);
			fileSystemSynchronizedGroups = (
				FB0B70A52EAB9B09004E511A /* CalTrackProFixedUITests */,
			);
			name = CalTrackProFixedUITests;
			packageProductDependencies = (
			);
			productName = CalTrackProFixedUITests;
			productReference = FB0B70A22EAB9B09004E511A /* CalTrackProFixedUITests.xctest */;
			productType = "com.apple.product-type.bundle.ui-testing";
		};
/* End PBXNativeTarget section */

/* Begin PBXProject section */
		FB0B70812EAB9AFB004E511A /* Project object */ = {
			isa = PBXProject;
			attributes = {
				BuildIndependentTargetsInParallel = 1;
				LastSwiftUpdateCheck = 2600;
				LastUpgradeCheck = 2600;
				TargetAttributes = {
					AF2F2C17F3D040038F729C95 = {
						CreatedOnToolsVersion = 26.0.1;
					};
					FB0B70882EAB9AFC004E511A = {
						CreatedOnToolsVersion = 26.0.1;
					};
					FB0B70972EAB9B09004E511A = {
						CreatedOnToolsVersion = 26.0.1;
						TestTargetID = FB0B70882EAB9AFC004E511A;
					};
					FB0B70A12EAB9B09004E511A = {
						CreatedOnToolsVersion = 26.0.1;
						TestTargetID = FB0B70882EAB9AFC004E511A;
					};
				};
			};
			buildConfigurationList = FB0B70842EAB9AFB004E511A /* Build configuration list for PBXProject "CalTrackProFixed" */;
			developmentRegion = en;
			hasScannedForEncodings = 0;
			knownRegions = (
				en,
				Base,
			);
			mainGroup = FB0B70802EAB9AFB004E511A;
			minimizedProjectReferenceProxies = 1;
			preferredProjectObjectVersion = 77;
			productRefGroup = FB0B708A2EAB9AFC004E511A /* Products */;
			projectDirPath = "";
			projectRoot = "";
			targets = (
				FB0B70882EAB9AFC004E511A /* CalTrackProFixed */,
				AF2F2C17F3D040038F729C95 /* CalTrackWidget */,
				FB0B70972EAB9B09004E511A /* CalTrackProFixedTests */,
				FB0B70A12EAB9B09004E511A /* CalTrackProFixedUITests */,
			);
		};
/* End PBXProject section */

/* Begin PBXResourcesBuildPhase section */
		4D2A42222625450980D1F508 /* Resources */ = {
			isa = PBXResourcesBuildPhase;
			buildActionMask = 2147483647;
			files = (
			);
			runOnlyForDeploymentPostprocessing = 0;
		};
		FB0B70872EAB9AFC004E511A /* Resources */ = {
			isa = PBXResourcesBuildPhase;
			buildActionMask = 2147483647;
			files = (
			);
			runOnlyForDeploymentPostprocessing = 0;
		};
		FB0B70962EAB9B09004E511A /* Resources */ = {
			isa = PBXResourcesBuildPhase;
			buildActionMask = 2147483647;
			files = (
			);
			runOnlyForDeploymentPostprocessing = 0;
		};
		FB0B70A02EAB9B09004E511A /* Resources */ = {
			isa = PBXResourcesBuildPhase;
			buildActionMask = 2147483647;
			files = (
			);
			runOnlyForDeploymentPostprocessing = 0;
		};
/* End PBXResourcesBuildPhase section */

/* Begin PBXSourcesBuildPhase section */
		EB4E8BE2BD1B44EA85047D27 /* Sources */ = {
			isa = PBXSourcesBuildPhase;
			buildActionMask = 2147483647;
			files = (
				A2DEE72B850C4090B3F28B85 /* CalTrackWidgetBundle.swift in Sources */,
				4132AA1C174546A38693EEC4 /* CalorieProgressWidget.swift in Sources */,
				334C17D692664B0FA1076F14 /* FastingTimerWidget.swift in Sources */,
				37EC6DA5B3F245FA9F04FB7F /* NutritionSummaryWidget.swift in Sources */,
			);
			runOnlyForDeploymentPostprocessing = 0;
		};
		FB0B70852EAB9AFC004E511A /* Sources */ = {
			isa = PBXSourcesBuildPhase;
			buildActionMask = 2147483647;
			files = (
				B9A2BE55491B4140BCEEE6DE /* Services/AIMealPlanningService.swift in Sources */,
				7F079C057ECF4C4485F91CAE /* Models/Views/AIMealPlannerView.swift in Sources */,
				FB0B70DE2EABA84F004E511A /* SettingsView.swift in Sources */,
				FB0B70C82EABA707004E511A /* DiaryView.swift in Sources */,
				FB0B70D62EABA811004E511A /* EditProfileView.swift in Sources */,
				FB0B70C62EABA6F5004E511A /* HomeView.swift in Sources */,
				FB0B70D22EABA7F3004E511A /* CameraView.swift in Sources */,
				FB0B70BE2EABA64D004E511A /* FoodEntry.swift in Sources */,
				FB0B70CC2EABA7C8004E511A /* ProfileView.swift in Sources */,
				FB0B70DC2EABA83F004E511A /* ManualEntryView.swift in Sources */,
				FB0B70E02EABA877004E511A /* Extensions.swift in Sources */,
				FB0B70DA2EABA832004E511A /* ImagePicker.swift in Sources */,
				FB0B70D82EABA820004E511A /* FoodDetailsView.swift in Sources */,
				FB0B70CA2EABA7B4004E511A /* InsightsView.swift in Sources */,
				FB0B70C42EABA6D4004E511A /* ContentView.swift in Sources */,
				FB0B70C22EABA66A004E511A /* UserProfile.swift in Sources */,
				FB0B70C02EABA660004E511A /* Recipe.swift in Sources */,
				FB0B70D02EABA7E7004E511A /* BarcodeScannerView.swift in Sources */,
				FB0B71292EAFB84E004E511A /* NutritionAPIService.swift in Sources */,
				FB0B71302EAFB85F004E511A /* NutritionAPIModels.swift in Sources */,
				FB0B71312EAFB870004E511A /* Utilities/APIConfig.swift in Sources */,
				FBDAA1332EBE635300EB31F2 /* VoiceInputView.swift in Sources */,
				FB0B71332EAFB880004E511A /* EnhancedProductDetailsView.swift in Sources */,
				FB0B71352EAFB890004E511A /* EnhancedBarcodeScannerView.swift in Sources */,
				FB0B70D42EABA802004E511A /* EditFoodEntryView.swift in Sources */,
				FB0B711A2EAEF8A1004E511A /* FoodSearchView.swift in Sources */,
				FB0B70CE2EABA7DB004E511A /* OnboardingView.swift in Sources */,
				FB0B70BC2EABA62A004E511A /* AppState.swift in Sources */,
				083E32155EE40E59C2FD8C2 /* AdvancedUIComponents.swift in Sources */,
				AE2B6BE8FB84C31A3985869 /* Services/ThemeManager.swift in Sources */,
				BF05B81BA2140188B8268BD /* AppearanceSettingsView.swift in Sources */,
				5434CEA3373438E8D5CCECE /* Services/SubscriptionManager.swift in Sources */,
				5D0C751E04F40C2AF24ED8D /* PremiumUpgradeView.swift in Sources */,
				77B5B64E24B4B2FA7BC8277 /* MealPlanningView.swift in Sources */,
				33234AAA16E4A298D49D1F6 /* AdvancedAnalyticsView.swift in Sources */,
				1F1997AF4EF43DB9B899A05 /* DataExportView.swift in Sources */,
				A78AA933E1B4964947ABA20 /* Services/EnhancedFoodDatabase.swift in Sources */,
				C0C6FC87EF24241BE8E8550 /* Services/USDAFoodDataService.swift in Sources */,
				7619A6E26414A0B8216483B /* Services/OpenFoodFactsService.swift in Sources */,
				63A72A4437E45F9AD1C99B2 /* Services/EdamamService.swift in Sources */,
				631872F9A04487FB8F85D57 /* EnhancedFoodSearchView.swift in Sources */,
				F1CC7617B504A7397B0D75F /* SearchFiltersView.swift in Sources */,
				CB8322BAB0D42A695D4B4E8 /* EnhancedFoodDetailView.swift in Sources */,
				3FA8343FBE943BBB2E53D1E /* Models/HealthKitManager.swift in Sources */,
				206960557BF4D418D53D5F0 /* HealthIntegrationView.swift in Sources */,
				B1C995EDBD94EB6990DAF5B /* Models/FoodRecognition.swift in Sources */,
				C8CABA136284C6D9580EA56 /* AIFoodCameraView.swift in Sources */,
				6884B0F346F4BD6A2BC81EC /* AIFoodRecognitionView.swift in Sources */,
				D54AC4F86C743E6A3F2FF51 /* FoodRecognitionResultView.swift in Sources */,
				4785903289B4F9288F4338D /* Models/Goal.swift in Sources */,
				A0C8B6527F24382935C9FCD /* Models/Achievement.swift in Sources */,
				5A0343B6A0242509F302771 /* SmartGoalsView.swift in Sources */,
				7980774AEAE46D2A930E349 /* GoalCreatorView.swift in Sources */,
				163DC2841F44F0698BC58FC /* GoalDetailView.swift in Sources */,
				DEF3975A1E3490D8D64BE70 /* AchievementDetailView.swift in Sources */,
				F89B542D41D435F80FA1603 /* RecipeBuilderView.swift in Sources */,
				4BDF6395DD84E9995D787A1 /* RecipeLibraryView.swift in Sources */,
				F7918A6E341471E96592DB4 /* EnhancedInsightsView.swift in Sources */,
				7ACF8AA0784475D88719417 /* LiquidGlassComponents.swift in Sources */,
				FBFASTING001 /* Services/FastingManager.swift in Sources */,
				FBFASTING003 /* Models/Views/FastingView.swift in Sources */,
				FBGROCERY001 /* Services/GroceryListService.swift in Sources */,
				FBGROCERY003 /* Models/Views/GroceryListView.swift in Sources */,
				95E8D23532384158B983EBA0 /* Services/WidgetDataProvider.swift in Sources */,
			);
			runOnlyForDeploymentPostprocessing = 0;
		};
		FB0B70942EAB9B09004E511A /* Sources */ = {
			isa = PBXSourcesBuildPhase;
			buildActionMask = 2147483647;
			files = (
			);
			runOnlyForDeploymentPostprocessing = 0;
		};
		FB0B709E2EAB9B09004E511A /* Sources */ = {
			isa = PBXSourcesBuildPhase;
			buildActionMask = 2147483647;
			files = (
			);
			runOnlyForDeploymentPostprocessing = 0;
		};
/* End PBXSourcesBuildPhase section */

/* Begin PBXTargetDependency section */
		C7B75C85DD2D41EA97A647AF /* PBXTargetDependency */ = {
			isa = PBXTargetDependency;
			target = AF2F2C17F3D040038F729C95 /* CalTrackWidget */;
			targetProxy = FF35DACDA7A548BBA0178D73 /* PBXContainerItemProxy */;
		};
		FB0B709A2EAB9B09004E511A /* PBXTargetDependency */ = {
			isa = PBXTargetDependency;
			target = FB0B70882EAB9AFC004E511A /* CalTrackProFixed */;
			targetProxy = FB0B70992EAB9B09004E511A /* PBXContainerItemProxy */;
		};
		FB0B70A42EAB9B09004E511A /* PBXTargetDependency */ = {
			isa = PBXTargetDependency;
			target = FB0B70882EAB9AFC004E511A /* CalTrackProFixed */;
			targetProxy = FB0B70A32EAB9B09004E511A /* PBXContainerItemProxy */;
		};
/* End PBXTargetDependency section */

/* Begin XCBuildConfiguration section */
		009861E2C3594DA08C76D888 /* Debug */ = {
			isa = XCBuildConfiguration;
			buildSettings = {
				ASSETCATALOG_COMPILER_GLOBAL_ACCENT_COLOR_NAME = AccentColor;
				ASSETCATALOG_COMPILER_WIDGET_BACKGROUND_COLOR_NAME = WidgetBackground;
				CODE_SIGN_ENTITLEMENTS = CalTrackWidget/CalTrackWidget.entitlements;
				CODE_SIGN_STYLE = Automatic;
				CURRENT_PROJECT_VERSION = 2;
				DEVELOPMENT_TEAM = D66KWXXM88;
				GENERATE_INFOPLIST_FILE = YES;
				INFOPLIST_FILE = CalTrackWidget/Info.plist;
				INFOPLIST_KEY_CFBundleDisplayName = CalTrackWidget;
				INFOPLIST_KEY_NSHumanReadableCopyright = "";
				IPHONEOS_DEPLOYMENT_TARGET = 17.0;
				LD_RUNPATH_SEARCH_PATHS = (
					"$(inherited)",
					"@executable_path/Frameworks",
					"@executable_path/../../Frameworks",
				);
				MARKETING_VERSION = 1.0;
				PRODUCT_BUNDLE_IDENTIFIER = easyaiflows.com.CalTrackProFixed.CalTrackWidget;
				PRODUCT_NAME = "$(TARGET_NAME)";
				SKIP_INSTALL = YES;
				SWIFT_APPROACHABLE_CONCURRENCY = YES;
				SWIFT_EMIT_LOC_STRINGS = YES;
				SWIFT_VERSION = 5.0;
				TARGETED_DEVICE_FAMILY = "1,2";
			};
			name = Debug;
		};
		D79B33B78E5043AF94D76AE0 /* Release */ = {
			isa = XCBuildConfiguration;
			buildSettings = {
				ASSETCATALOG_COMPILER_GLOBAL_ACCENT_COLOR_NAME = AccentColor;
				ASSETCATALOG_COMPILER_WIDGET_BACKGROUND_COLOR_NAME = WidgetBackground;
				CODE_SIGN_ENTITLEMENTS = CalTrackWidget/CalTrackWidget.entitlements;
				CODE_SIGN_STYLE = Automatic;
				CURRENT_PROJECT_VERSION = 2;
				DEVELOPMENT_TEAM = D66KWXXM88;
				GENERATE_INFOPLIST_FILE = YES;
				INFOPLIST_FILE = CalTrackWidget/Info.plist;
				INFOPLIST_KEY_CFBundleDisplayName = CalTrackWidget;
				INFOPLIST_KEY_NSHumanReadableCopyright = "";
				IPHONEOS_DEPLOYMENT_TARGET = 17.0;
				LD_RUNPATH_SEARCH_PATHS = (
					"$(inherited)",
					"@executable_path/Frameworks",
					"@executable_path/../../Frameworks",
				);
				MARKETING_VERSION = 1.0;
				PRODUCT_BUNDLE_IDENTIFIER = easyaiflows.com.CalTrackProFixed.CalTrackWidget;
				PRODUCT_NAME = "$(TARGET_NAME)";
				SKIP_INSTALL = YES;
				SWIFT_APPROACHABLE_CONCURRENCY = YES;
				SWIFT_EMIT_LOC_STRINGS = YES;
				SWIFT_VERSION = 5.0;
				TARGETED_DEVICE_FAMILY = "1,2";
			};
			name = Release;
		};
		FB0B70AA2EAB9B09004E511A /* Debug */ = {
			isa = XCBuildConfiguration;
			buildSettings = {
				ALWAYS_SEARCH_USER_PATHS = NO;
				ASSETCATALOG_COMPILER_GENERATE_SWIFT_ASSET_SYMBOL_EXTENSIONS = YES;
				CLANG_ANALYZER_NONNULL = YES;
				CLANG_ANALYZER_NUMBER_OBJECT_CONVERSION = YES_AGGRESSIVE;
				CLANG_CXX_LANGUAGE_STANDARD = "gnu++20";
				CLANG_ENABLE_MODULES = YES;
				CLANG_ENABLE_OBJC_ARC = YES;
				CLANG_ENABLE_OBJC_WEAK = YES;
				CLANG_WARN_BLOCK_CAPTURE_AUTORELEASING = YES;
				CLANG_WARN_BOOL_CONVERSION = YES;
				CLANG_WARN_COMMA = YES;
				CLANG_WARN_CONSTANT_CONVERSION = YES;
				CLANG_WARN_DEPRECATED_OBJC_IMPLEMENTATIONS = YES;
				CLANG_WARN_DIRECT_OBJC_ISA_USAGE = YES_ERROR;
				CLANG_WARN_DOCUMENTATION_COMMENTS = YES;
				CLANG_WARN_EMPTY_BODY = YES;
				CLANG_WARN_ENUM_CONVERSION = YES;
				CLANG_WARN_INFINITE_RECURSION = YES;
				CLANG_WARN_INT_CONVERSION = YES;
				CLANG_WARN_NON_LITERAL_NULL_CONVERSION = YES;
				CLANG_WARN_OBJC_IMPLICIT_RETAIN_SELF = YES;
				CLANG_WARN_OBJC_LITERAL_CONVERSION = YES;
				CLANG_WARN_OBJC_ROOT_CLASS = YES_ERROR;
				CLANG_WARN_QUOTED_INCLUDE_IN_FRAMEWORK_HEADER = YES;
				CLANG_WARN_RANGE_LOOP_ANALYSIS = YES;
				CLANG_WARN_STRICT_PROTOTYPES = YES;
				CLANG_WARN_SUSPICIOUS_MOVE = YES;
				CLANG_WARN_UNGUARDED_AVAILABILITY = YES_AGGRESSIVE;
				CLANG_WARN_UNREACHABLE_CODE = YES;
				CLANG_WARN__DUPLICATE_METHOD_MATCH = YES;
				COPY_PHASE_STRIP = NO;
				DEBUG_INFORMATION_FORMAT = dwarf;
				DEVELOPMENT_TEAM = D66KWXXM88;
				ENABLE_STRICT_OBJC_MSGSEND = YES;
				ENABLE_TESTABILITY = YES;
				ENABLE_USER_SCRIPT_SANDBOXING = YES;
				GCC_C_LANGUAGE_STANDARD = gnu17;
				GCC_DYNAMIC_NO_PIC = NO;
				GCC_NO_COMMON_BLOCKS = YES;
				GCC_OPTIMIZATION_LEVEL = 0;
				GCC_PREPROCESSOR_DEFINITIONS = (
					"DEBUG=1",
					"$(inherited)",
				);
				GCC_WARN_64_TO_32_BIT_CONVERSION = YES;
				GCC_WARN_ABOUT_RETURN_TYPE = YES_ERROR;
				GCC_WARN_UNDECLARED_SELECTOR = YES;
				GCC_WARN_UNINITIALIZED_AUTOS = YES_AGGRESSIVE;
				GCC_WARN_UNUSED_FUNCTION = YES;
				GCC_WARN_UNUSED_VARIABLE = YES;
				IPHONEOS_DEPLOYMENT_TARGET = 17.0;
				LOCALIZATION_PREFERS_STRING_CATALOGS = YES;
				MTL_ENABLE_DEBUG_INFO = INCLUDE_SOURCE;
				MTL_FAST_MATH = YES;
				ONLY_ACTIVE_ARCH = YES;
				SDKROOT = iphoneos;
				STRING_CATALOG_GENERATE_SYMBOLS = YES;
				SWIFT_ACTIVE_COMPILATION_CONDITIONS = "DEBUG $(inherited)";
				SWIFT_OPTIMIZATION_LEVEL = "-Onone";
			};
			name = Debug;
		};
		FB0B70AB2EAB9B09004E511A /* Release */ = {
			isa = XCBuildConfiguration;
			buildSettings = {
				ALWAYS_SEARCH_USER_PATHS = NO;
				ASSETCATALOG_COMPILER_GENERATE_SWIFT_ASSET_SYMBOL_EXTENSIONS = YES;
				CLANG_ANALYZER_NONNULL = YES;
				CLANG_ANALYZER_NUMBER_OBJECT_CONVERSION = YES_AGGRESSIVE;
				CLANG_CXX_LANGUAGE_STANDARD = "gnu++20";
				CLANG_ENABLE_MODULES = YES;
				CLANG_ENABLE_OBJC_ARC = YES;
				CLANG_ENABLE_OBJC_WEAK = YES;
				CLANG_WARN_BLOCK_CAPTURE_AUTORELEASING = YES;
				CLANG_WARN_BOOL_CONVERSION = YES;
				CLANG_WARN_COMMA = YES;
				CLANG_WARN_CONSTANT_CONVERSION = YES;
				CLANG_WARN_DEPRECATED_OBJC_IMPLEMENTATIONS = YES;
				CLANG_WARN_DIRECT_OBJC_ISA_USAGE = YES_ERROR;
				CLANG_WARN_DOCUMENTATION_COMMENTS = YES;
				CLANG_WARN_EMPTY_BODY = YES;
				CLANG_WARN_ENUM_CONVERSION = YES;
				CLANG_WARN_INFINITE_RECURSION = YES;
				CLANG_WARN_INT_CONVERSION = YES;
				CLANG_WARN_NON_LITERAL_NULL_CONVERSION = YES;
				CLANG_WARN_OBJC_IMPLICIT_RETAIN_SELF = YES;
				CLANG_WARN_OBJC_LITERAL_CONVERSION = YES;
				CLANG_WARN_OBJC_ROOT_CLASS = YES_ERROR;
				CLANG_WARN_QUOTED_INCLUDE_IN_FRAMEWORK_HEADER = YES;
				CLANG_WARN_RANGE_LOOP_ANALYSIS = YES;
				CLANG_WARN_STRICT_PROTOTYPES = YES;
				CLANG_WARN_SUSPICIOUS_MOVE = YES;
				CLANG_WARN_UNGUARDED_AVAILABILITY = YES_AGGRESSIVE;
				CLANG_WARN_UNREACHABLE_CODE = YES;
				CLANG_WARN__DUPLICATE_METHOD_MATCH = YES;
				COPY_PHASE_STRIP = NO;
				DEBUG_INFORMATION_FORMAT = "dwarf-with-dsym";
				DEVELOPMENT_TEAM = D66KWXXM88;
				ENABLE_NS_ASSERTIONS = NO;
				ENABLE_STRICT_OBJC_MSGSEND = YES;
				ENABLE_USER_SCRIPT_SANDBOXING = YES;
				GCC_C_LANGUAGE_STANDARD = gnu17;
				GCC_NO_COMMON_BLOCKS = YES;
				GCC_WARN_64_TO_32_BIT_CONVERSION = YES;
				GCC_WARN_ABOUT_RETURN_TYPE = YES_ERROR;
				GCC_WARN_UNDECLARED_SELECTOR = YES;
				GCC_WARN_UNINITIALIZED_AUTOS = YES_AGGRESSIVE;
				GCC_WARN_UNUSED_FUNCTION = YES;
				GCC_WARN_UNUSED_VARIABLE = YES;
				IPHONEOS_DEPLOYMENT_TARGET = 17.0;
				LOCALIZATION_PREFERS_STRING_CATALOGS = YES;
				MTL_ENABLE_DEBUG_INFO = NO;
				MTL_FAST_MATH = YES;
				SDKROOT = iphoneos;
				STRING_CATALOG_GENERATE_SYMBOLS = YES;
				SWIFT_COMPILATION_MODE = wholemodule;
				VALIDATE_PRODUCT = YES;
			};
			name = Release;
		};
		FB0B70AD2EAB9B09004E511A /* Debug */ = {
			isa = XCBuildConfiguration;
			buildSettings = {
				ASSETCATALOG_COMPILER_APPICON_NAME = AppIcon;
				ASSETCATALOG_COMPILER_GLOBAL_ACCENT_COLOR_NAME = AccentColor;
				CODE_SIGN_ENTITLEMENTS = CalTrackPro.entitlements;
				CODE_SIGN_IDENTITY = "Apple Development";
				CODE_SIGN_STYLE = Automatic;
				CURRENT_PROJECT_VERSION = 2;
				DEVELOPMENT_TEAM = D66KWXXM88;
				ENABLE_PREVIEWS = YES;
				GENERATE_INFOPLIST_FILE = YES;
				INFOPLIST_KEY_CFBundleDisplayName = CalTrackPro;
				INFOPLIST_KEY_LSApplicationCategoryType = "public.app-category.health-fitness";
				INFOPLIST_KEY_NSCameraUsageDescription = "CalTrackPro needs camera access to scan barcodes and take photos of your meals for nutrition tracking.";
				INFOPLIST_KEY_NSHealthShareUsageDescription = "CalTrackPro reads your health data to provide better insights and sync with other fitness apps.";
				INFOPLIST_KEY_NSHealthUpdateUsageDescription = "CalTrackPro saves your nutrition data to Apple Health to keep all your health information in one place.";
				INFOPLIST_KEY_NSMicrophoneUsageDescription = "CalTrackPro needs microphone access to recognize your voice when logging food entries.";
				INFOPLIST_KEY_NSPhotoLibraryUsageDescription = "CalTrackPro needs photo library access to let you select photos of your meals for nutrition tracking.";
				INFOPLIST_KEY_NSPrivacyAccessedAPICategoryFileTimestamp = YES;
				INFOPLIST_KEY_NSPrivacyAccessedAPICategoryUserDefaults = YES;
				INFOPLIST_KEY_NSSpeechRecognitionUsageDescription = "CalTrackPro uses speech recognition to log food entries when you say things like 'I ate a turkey sandwich'.";
				INFOPLIST_KEY_UIApplicationSceneManifest_Generation = YES;
				INFOPLIST_KEY_UIApplicationSupportsIndirectInputEvents = YES;
				INFOPLIST_KEY_UILaunchScreen_Generation = YES;
				INFOPLIST_KEY_UIRequiresFullScreen = NO;
				INFOPLIST_KEY_UISupportedInterfaceOrientations = "UIInterfaceOrientationPortrait UIInterfaceOrientationPortraitUpsideDown";
				INFOPLIST_KEY_UISupportedInterfaceOrientations_iPad = "UIInterfaceOrientationPortrait UIInterfaceOrientationPortraitUpsideDown UIInterfaceOrientationLandscapeLeft UIInterfaceOrientationLandscapeRight";
				INFOPLIST_KEY_UISupportedInterfaceOrientations_iPhone = "UIInterfaceOrientationPortrait UIInterfaceOrientationLandscapeLeft UIInterfaceOrientationLandscapeRight";
				LD_RUNPATH_SEARCH_PATHS = (
					"$(inherited)",
					"@executable_path/Frameworks",
				);
				MARKETING_VERSION = 1.0;
				PRODUCT_BUNDLE_IDENTIFIER = easyaiflows.com.CalTrackProFixed;
				PRODUCT_NAME = "$(TARGET_NAME)";
				PROVISIONING_PROFILE_SPECIFIER = "";
				STRING_CATALOG_GENERATE_SYMBOLS = YES;
				SWIFT_APPROACHABLE_CONCURRENCY = YES;
				SWIFT_DEFAULT_ACTOR_ISOLATION = MainActor;
				SWIFT_EMIT_LOC_STRINGS = YES;
				SWIFT_UPCOMING_FEATURE_MEMBER_IMPORT_VISIBILITY = YES;
				SWIFT_VERSION = 5.0;
				TARGETED_DEVICE_FAMILY = "1,2";
			};
			name = Debug;
		};
		FB0B70AE2EAB9B09004E511A /* Release */ = {
			isa = XCBuildConfiguration;
			buildSettings = {
				ASSETCATALOG_COMPILER_APPICON_NAME = AppIcon;
				ASSETCATALOG_COMPILER_GLOBAL_ACCENT_COLOR_NAME = AccentColor;
				CODE_SIGN_ENTITLEMENTS = CalTrackPro.entitlements;
				CODE_SIGN_IDENTITY = "Apple Development";
				CODE_SIGN_STYLE = Automatic;
				CURRENT_PROJECT_VERSION = 2;
				DEVELOPMENT_TEAM = D66KWXXM88;
				ENABLE_PREVIEWS = YES;
				GENERATE_INFOPLIST_FILE = YES;
				INFOPLIST_KEY_CFBundleDisplayName = CalTrackPro;
				INFOPLIST_KEY_LSApplicationCategoryType = "public.app-category.health-fitness";
				INFOPLIST_KEY_NSCameraUsageDescription = "CalTrackPro needs camera access to scan barcodes and take photos of your meals for nutrition tracking.";
				INFOPLIST_KEY_NSHealthShareUsageDescription = "CalTrackPro reads your health data to provide better insights and sync with other fitness apps.";
				INFOPLIST_KEY_NSHealthUpdateUsageDescription = "CalTrackPro saves your nutrition data to Apple Health to keep all your health information in one place.";
				INFOPLIST_KEY_NSMicrophoneUsageDescription = "CalTrackPro needs microphone access to recognize your voice when logging food entries.";
				INFOPLIST_KEY_NSPhotoLibraryUsageDescription = "CalTrackPro needs photo library access to let you select photos of your meals for nutrition tracking.";
				INFOPLIST_KEY_NSPrivacyAccessedAPICategoryFileTimestamp = YES;
				INFOPLIST_KEY_NSPrivacyAccessedAPICategoryUserDefaults = YES;
				INFOPLIST_KEY_NSSpeechRecognitionUsageDescription = "CalTrackPro uses speech recognition to log food entries when you say things like 'I ate a turkey sandwich'.";
				INFOPLIST_KEY_UIApplicationSceneManifest_Generation = YES;
				INFOPLIST_KEY_UIApplicationSupportsIndirectInputEvents = YES;
				INFOPLIST_KEY_UILaunchScreen_Generation = YES;
				INFOPLIST_KEY_UIRequiresFullScreen = NO;
				INFOPLIST_KEY_UISupportedInterfaceOrientations = "UIInterfaceOrientationPortrait UIInterfaceOrientationPortraitUpsideDown";
				INFOPLIST_KEY_UISupportedInterfaceOrientations_iPad = "UIInterfaceOrientationPortrait UIInterfaceOrientationPortraitUpsideDown UIInterfaceOrientationLandscapeLeft UIInterfaceOrientationLandscapeRight";
				INFOPLIST_KEY_UISupportedInterfaceOrientations_iPhone = "UIInterfaceOrientationPortrait UIInterfaceOrientationLandscapeLeft UIInterfaceOrientationLandscapeRight";
				LD_RUNPATH_SEARCH_PATHS = (
					"$(inherited)",
					"@executable_path/Frameworks",
				);
				MARKETING_VERSION = 1.0;
				PRODUCT_BUNDLE_IDENTIFIER = easyaiflows.com.CalTrackProFixed;
				PRODUCT_NAME = "$(TARGET_NAME)";
				PROVISIONING_PROFILE_SPECIFIER = "";
				STRING_CATALOG_GENERATE_SYMBOLS = YES;
				SWIFT_APPROACHABLE_CONCURRENCY = YES;
				SWIFT_DEFAULT_ACTOR_ISOLATION = MainActor;
				SWIFT_EMIT_LOC_STRINGS = YES;
				SWIFT_UPCOMING_FEATURE_MEMBER_IMPORT_VISIBILITY = YES;
				SWIFT_VERSION = 5.0;
				TARGETED_DEVICE_FAMILY = "1,2";
			};
			name = Release;
		};
		FB0B70B02EAB9B09004E511A /* Debug */ = {
			isa = XCBuildConfiguration;
			buildSettings = {
				BUNDLE_LOADER = "$(TEST_HOST)";
				CODE_SIGN_STYLE = Automatic;
				CURRENT_PROJECT_VERSION = 2;
				DEVELOPMENT_TEAM = D66KWXXM88;
				GENERATE_INFOPLIST_FILE = YES;
				IPHONEOS_DEPLOYMENT_TARGET = 17.0;
				MARKETING_VERSION = 1.0;
				PRODUCT_BUNDLE_IDENTIFIER = easyaiflows.com.CalTrackProFixedTests;
				PRODUCT_NAME = "$(TARGET_NAME)";
				STRING_CATALOG_GENERATE_SYMBOLS = NO;
				SWIFT_APPROACHABLE_CONCURRENCY = YES;
				SWIFT_EMIT_LOC_STRINGS = NO;
				SWIFT_UPCOMING_FEATURE_MEMBER_IMPORT_VISIBILITY = YES;
				SWIFT_VERSION = 5.0;
				TARGETED_DEVICE_FAMILY = "1,2";
				TEST_HOST = "$(BUILT_PRODUCTS_DIR)/CalTrackProFixed.app/$(BUNDLE_EXECUTABLE_FOLDER_PATH)/CalTrackProFixed";
			};
			name = Debug;
		};
		FB0B70B12EAB9B09004E511A /* Release */ = {
			isa = XCBuildConfiguration;
			buildSettings = {
				BUNDLE_LOADER = "$(TEST_HOST)";
				CODE_SIGN_STYLE = Automatic;
				CURRENT_PROJECT_VERSION = 2;
				DEVELOPMENT_TEAM = D66KWXXM88;
				GENERATE_INFOPLIST_FILE = YES;
				IPHONEOS_DEPLOYMENT_TARGET = 17.0;
				MARKETING_VERSION = 1.0;
				PRODUCT_BUNDLE_IDENTIFIER = easyaiflows.com.CalTrackProFixedTests;
				PRODUCT_NAME = "$(TARGET_NAME)";
				STRING_CATALOG_GENERATE_SYMBOLS = NO;
				SWIFT_APPROACHABLE_CONCURRENCY = YES;
				SWIFT_EMIT_LOC_STRINGS = NO;
				SWIFT_UPCOMING_FEATURE_MEMBER_IMPORT_VISIBILITY = YES;
				SWIFT_VERSION = 5.0;
				TARGETED_DEVICE_FAMILY = "1,2";
				TEST_HOST = "$(BUILT_PRODUCTS_DIR)/CalTrackProFixed.app/$(BUNDLE_EXECUTABLE_FOLDER_PATH)/CalTrackProFixed";
			};
			name = Release;
		};
		FB0B70B32EAB9B09004E511A /* Debug */ = {
			isa = XCBuildConfiguration;
			buildSettings = {
				CODE_SIGN_STYLE = Automatic;
				CURRENT_PROJECT_VERSION = 2;
				DEVELOPMENT_TEAM = D66KWXXM88;
				GENERATE_INFOPLIST_FILE = YES;
				MARKETING_VERSION = 1.0;
				PRODUCT_BUNDLE_IDENTIFIER = easyaiflows.com.CalTrackProFixedUITests;
				PRODUCT_NAME = "$(TARGET_NAME)";
				STRING_CATALOG_GENERATE_SYMBOLS = NO;
				SWIFT_APPROACHABLE_CONCURRENCY = YES;
				SWIFT_EMIT_LOC_STRINGS = NO;
				SWIFT_UPCOMING_FEATURE_MEMBER_IMPORT_VISIBILITY = YES;
				SWIFT_VERSION = 5.0;
				TARGETED_DEVICE_FAMILY = "1,2";
				TEST_TARGET_NAME = CalTrackProFixed;
			};
			name = Debug;
		};
		FB0B70B42EAB9B09004E511A /* Release */ = {
			isa = XCBuildConfiguration;
			buildSettings = {
				CODE_SIGN_STYLE = Automatic;
				CURRENT_PROJECT_VERSION = 2;
				DEVELOPMENT_TEAM = D66KWXXM88;
				GENERATE_INFOPLIST_FILE = YES;
				MARKETING_VERSION = 1.0;
				PRODUCT_BUNDLE_IDENTIFIER = easyaiflows.com.CalTrackProFixedUITests;
				PRODUCT_NAME = "$(TARGET_NAME)";
				STRING_CATALOG_GENERATE_SYMBOLS = NO;
				SWIFT_APPROACHABLE_CONCURRENCY = YES;
				SWIFT_EMIT_LOC_STRINGS = NO;
				SWIFT_UPCOMING_FEATURE_MEMBER_IMPORT_VISIBILITY = YES;
				SWIFT_VERSION = 5.0;
				TARGETED_DEVICE_FAMILY = "1,2";
				TEST_TARGET_NAME = CalTrackProFixed;
			};
			name = Release;
		};
/* End XCBuildConfiguration section */

/* Begin XCConfigurationList section */
		8A43F7F3C18F4D88A6F6245C /* Build configuration list for PBXNativeTarget "CalTrackWidget" */ = {
			isa = XCConfigurationList;
			buildConfigurations = (
				009861E2C3594DA08C76D888 /* Debug */,
				D79B33B78E5043AF94D76AE0 /* Release */,
			);
			defaultConfigurationIsVisible = 0;
			defaultConfigurationName = Release;
		};
		FB0B70842EAB9AFB004E511A /* Build configuration list for PBXProject "CalTrackProFixed" */ = {
			isa = XCConfigurationList;
			buildConfigurations = (
				FB0B70AA2EAB9B09004E511A /* Debug */,
				FB0B70AB2EAB9B09004E511A /* Release */,
			);
			defaultConfigurationIsVisible = 0;
			defaultConfigurationName = Release;
		};
		FB0B70AC2EAB9B09004E511A /* Build configuration list for PBXNativeTarget "CalTrackProFixed" */ = {
			isa = XCConfigurationList;
			buildConfigurations = (
				FB0B70AD2EAB9B09004E511A /* Debug */,
				FB0B70AE2EAB9B09004E511A /* Release */,
			);
			defaultConfigurationIsVisible = 0;
			defaultConfigurationName = Release;
		};
		FB0B70AF2EAB9B09004E511A /* Build configuration list for PBXNativeTarget "CalTrackProFixedTests" */ = {
			isa = XCConfigurationList;
			buildConfigurations = (
				FB0B70B02EAB9B09004E511A /* Debug */,
				FB0B70B12EAB9B09004E511A /* Release */,
			);
			defaultConfigurationIsVisible = 0;
			defaultConfigurationName = Release;
		};
		FB0B70B22EAB9B09004E511A /* Build configuration list for PBXNativeTarget "CalTrackProFixedUITests" */ = {
			isa = XCConfigurationList;
			buildConfigurations = (
				FB0B70B32EAB9B09004E511A /* Debug */,
				FB0B70B42EAB9B09004E511A /* Release */,
			);
			defaultConfigurationIsVisible = 0;
			defaultConfigurationName = Release;
		};
/* End XCConfigurationList section */
	};
	rootObject = FB0B70812EAB9AFB004E511A /* Project object */;
}
